
Microsoft Visual Studio Solution File, Format Version 12.00
# Visual Studio Version 17
VisualStudioVersion = 17.6.33723.286
MinimumVisualStudioVersion = 10.0.40219.1
Project("{FAE04EC0-301F-11D3-BF4B-00C04F79EFBC}") = "Task_1", "lb2\Task_1.csproj", "{0E50564F-D965-46BB-916A-F277B40E292B}"
EndProject
Project("{FAE04EC0-301F-11D3-BF4B-00C04F79EFBC}") = "Task_2", "Task_2\Task_2.csproj", "{F5776EF4-83C5-4807-98B3-121AEBC24189}"
EndProject
Global
	GlobalSection(SolutionConfigurationPlatforms) = preSolution
		Debug|Any CPU = Debug|Any CPU
		Release|Any CPU = Release|Any CPU
	EndGlobalSection
	GlobalSection(ProjectConfigurationPlatforms) = postSolution
		{0E50564F-D965-46BB-916A-F277B40E292B}.Debug|Any CPU.ActiveCfg = Debug|Any CPU
		{0E50564F-D965-46BB-916A-F277B40E292B}.Debug|Any CPU.Build.0 = Debug|Any CPU
		{0E50564F-D965-46BB-916A-F277B40E292B}.Release|Any CPU.ActiveCfg = Release|Any CPU
		{0E50564F-D965-46BB-916A-F277B40E292B}.Release|Any CPU.Build.0 = Release|Any CPU
		{F5776EF4-83C5-4807-98B3-121AEBC24189}.Debug|Any CPU.ActiveCfg = Debug|Any CPU
		{F5776EF4-83C5-4807-98B3-121AEBC24189}.Debug|Any CPU.Build.0 = Debug|Any CPU
		{F5776EF4-83C5-4807-98B3-121AEBC24189}.Release|Any CPU.ActiveCfg = Release|Any CPU
		{F5776EF4-83C5-4807-98B3-121AEBC24189}.Release|Any CPU.Build.0 = Release|Any CPU
	EndGlobalSection
	GlobalSection(SolutionProperties) = preSolution
		HideSolutionNode = FALSE
	EndGlobalSection
	GlobalSection(ExtensibilityGlobals) = postSolution
		SolutionGuid = {96A565FC-5F4D-452A-B579-72CAB1F1C66C}
	EndGlobalSection
EndGlobal
